// !$*UTF8*$!
{
	archiveVersion = 1;
	classes = {
	};
	objectVersion = 50;
	objects = {

/* Begin PBXBuildFile section */
		4A1F965021F9904E0078AF34 /* AppDelegate.m in Sources */ = {isa = PBXBuildFile; fileRef = 4A1F964F21F9904E0078AF34 /* AppDelegate.m */; };
		4A1F965321F9904E0078AF34 /* ViewController.m in Sources */ = {isa = PBXBuildFile; fileRef = 4A1F965221F9904E0078AF34 /* ViewController.m */; };
		4A1F965621F9904E0078AF34 /* Main.storyboard in Resources */ = {isa = PBXBuildFile; fileRef = 4A1F965421F9904E0078AF34 /* Main.storyboard */; };
		4A1F965821F9904F0078AF34 /* Assets.xcassets in Resources */ = {isa = PBXBuildFile; fileRef = 4A1F965721F9904F0078AF34 /* Assets.xcassets */; };
		4A1F965B21F9904F0078AF34 /* LaunchScreen.storyboard in Resources */ = {isa = PBXBuildFile; fileRef = 4A1F965921F9904F0078AF34 /* LaunchScreen.storyboard */; };
		4A1F965E21F990500078AF34 /* main.m in Sources */ = {isa = PBXBuildFile; fileRef = 4A1F965D21F990500078AF34 /* main.m */; };
		4A1F966821F990500078AF34 /* ImgTransitonTests.m in Sources */ = {isa = PBXBuildFile; fileRef = 4A1F966721F990500078AF34 /* ImgTransitonTests.m */; };
		4A1F967321F990500078AF34 /* ImgTransitonUITests.m in Sources */ = {isa = PBXBuildFile; fileRef = 4A1F967221F990500078AF34 /* ImgTransitonUITests.m */; };
		4A1F968121F9930F0078AF34 /* IMG_0091.JPG in Resources */ = {isa = PBXBuildFile; fileRef = 4A1F968021F9930F0078AF34 /* IMG_0091.JPG */; };
		4A1F968421F993A40078AF34 /* UIImage+SizeHelper.m in Sources */ = {isa = PBXBuildFile; fileRef = 4A1F968221F993A40078AF34 /* UIImage+SizeHelper.m */; };
/* End PBXBuildFile section */

/* Begin PBXContainerItemProxy section */
		4A1F966421F990500078AF34 /* PBXContainerItemProxy */ = {
			isa = PBXContainerItemProxy;
			containerPortal = 4A1F964321F9904E0078AF34 /* Project object */;
			proxyType = 1;
			remoteGlobalIDString = 4A1F964A21F9904E0078AF34;
			remoteInfo = ImgTransiton;
		};
		4A1F966F21F990500078AF34 /* PBXContainerItemProxy */ = {
			isa = PBXContainerItemProxy;
			containerPortal = 4A1F964321F9904E0078AF34 /* Project object */;
			proxyType = 1;
			remoteGlobalIDString = 4A1F964A21F9904E0078AF34;
			remoteInfo = ImgTransiton;
		};
/* End PBXContainerItemProxy section */

/* Begin PBXFileReference section */
		4A1F964B21F9904E0078AF34 /* ImgTransiton.app */ = {isa = PBXFileReference; explicitFileType = wrapper.application; includeInIndex = 0; path = ImgTransiton.app; sourceTree = BUILT_PRODUCTS_DIR; };
		4A1F964E21F9904E0078AF34 /* AppDelegate.h */ = {isa = PBXFileReference; lastKnownFileType = sourcecode.c.h; path = AppDelegate.h; sourceTree = "<group>"; };
		4A1F964F21F9904E0078AF34 /* AppDelegate.m */ = {isa = PBXFileReference; lastKnownFileType = sourcecode.c.objc; path = AppDelegate.m; sourceTree = "<group>"; };
		4A1F965121F9904E0078AF34 /* ViewController.h */ = {isa = PBXFileReference; lastKnownFileType = sourcecode.c.h; path = ViewController.h; sourceTree = "<group>"; };
		4A1F965221F9904E0078AF34 /* ViewController.m */ = {isa = PBXFileReference; lastKnownFileType = sourcecode.c.objc; path = ViewController.m; sourceTree = "<group>"; };
		4A1F965521F9904E0078AF34 /* Base */ = {isa = PBXFileReference; lastKnownFileType = file.storyboard; name = Base; path = Base.lproj/Main.storyboard; sourceTree = "<group>"; };
		4A1F965721F9904F0078AF34 /* Assets.xcassets */ = {isa = PBXFileReference; lastKnownFileType = folder.assetcatalog; path = Assets.xcassets; sourceTree = "<group>"; };
		4A1F965A21F9904F0078AF34 /* Base */ = {isa = PBXFileReference; lastKnownFileType = file.storyboard; name = Base; path = Base.lproj/LaunchScreen.storyboard; sourceTree = "<group>"; };
		4A1F965C21F990500078AF34 /* Info.plist */ = {isa = PBXFileReference; lastKnownFileType = text.plist.xml; path = Info.plist; sourceTree = "<group>"; };
		4A1F965D21F990500078AF34 /* main.m */ = {isa = PBXFileReference; lastKnownFileType = sourcecode.c.objc; path = main.m; sourceTree = "<group>"; };
		4A1F966321F990500078AF34 /* ImgTransitonTests.xctest */ = {isa = PBXFileReference; explicitFileType = wrapper.cfbundle; includeInIndex = 0; path = ImgTransitonTests.xctest; sourceTree = BUILT_PRODUCTS_DIR; };
		4A1F966721F990500078AF34 /* ImgTransitonTests.m */ = {isa = PBXFileReference; lastKnownFileType = sourcecode.c.objc; path = ImgTransitonTests.m; sourceTree = "<group>"; };
		4A1F966921F990500078AF34 /* Info.plist */ = {isa = PBXFileReference; lastKnownFileType = text.plist.xml; path = Info.plist; sourceTree = "<group>"; };
		4A1F966E21F990500078AF34 /* ImgTransitonUITests.xctest */ = {isa = PBXFileReference; explicitFileType = wrapper.cfbundle; includeInIndex = 0; path = ImgTransitonUITests.xctest; sourceTree = BUILT_PRODUCTS_DIR; };
		4A1F967221F990500078AF34 /* ImgTransitonUITests.m */ = {isa = PBXFileReference; lastKnownFileType = sourcecode.c.objc; path = ImgTransitonUITests.m; sourceTree = "<group>"; };
		4A1F967421F990500078AF34 /* Info.plist */ = {isa = PBXFileReference; lastKnownFileType = text.plist.xml; path = Info.plist; sourceTree = "<group>"; };
		4A1F968021F9930F0078AF34 /* IMG_0091.JPG */ = {isa = PBXFileReference; lastKnownFileType = image.jpeg; path = IMG_0091.JPG; sourceTree = "<group>"; };
		4A1F968221F993A40078AF34 /* UIImage+SizeHelper.m */ = {isa = PBXFileReference; fileEncoding = 4; lastKnownFileType = sourcecode.c.objc; path = "UIImage+SizeHelper.m"; sourceTree = "<group>"; };
		4A1F968321F993A40078AF34 /* UIImage+SizeHelper.h */ = {isa = PBXFileReference; fileEncoding = 4; lastKnownFileType = sourcecode.c.h; path = "UIImage+SizeHelper.h"; sourceTree = "<group>"; };
/* End PBXFileReference section */

/* Begin PBXFrameworksBuildPhase section */
		4A1F964821F9904E0078AF34 /* Frameworks */ = {
			isa = PBXFrameworksBuildPhase;
			buildActionMask = 2147483647;
			files = (
			);
			runOnlyForDeploymentPostprocessing = 0;
		};
		4A1F966021F990500078AF34 /* Frameworks */ = {
			isa = PBXFrameworksBuildPhase;
			buildActionMask = 2147483647;
			files = (
			);
			runOnlyForDeploymentPostprocessing = 0;
		};
		4A1F966B21F990500078AF34 /* Frameworks */ = {
			isa = PBXFrameworksBuildPhase;
			buildActionMask = 2147483647;
			files = (
			);
			runOnlyForDeploymentPostprocessing = 0;
		};
/* End PBXFrameworksBuildPhase section */

/* Begin PBXGroup section */
		4A1F964221F9904E0078AF34 = {
			isa = PBXGroup;
			children = (
				4A1F964D21F9904E0078AF34 /* ImgTransiton */,
				4A1F966621F990500078AF34 /* ImgTransitonTests */,
				4A1F967121F990500078AF34 /* ImgTransitonUITests */,
				4A1F964C21F9904E0078AF34 /* Products */,
			);
			sourceTree = "<group>";
		};
		4A1F964C21F9904E0078AF34 /* Products */ = {
			isa = PBXGroup;
			children = (
				4A1F964B21F9904E0078AF34 /* ImgTransiton.app */,
				4A1F966321F990500078AF34 /* ImgTransitonTests.xctest */,
				4A1F966E21F990500078AF34 /* ImgTransitonUITests.xctest */,
			);
			name = Products;
			sourceTree = "<group>";
		};
		4A1F964D21F9904E0078AF34 /* ImgTransiton */ = {
			isa = PBXGroup;
			children = (
				4A1F968321F993A40078AF34 /* UIImage+SizeHelper.h */,
				4A1F968221F993A40078AF34 /* UIImage+SizeHelper.m */,
				4A1F968021F9930F0078AF34 /* IMG_0091.JPG */,
				4A1F964E21F9904E0078AF34 /* AppDelegate.h */,
				4A1F964F21F9904E0078AF34 /* AppDelegate.m */,
				4A1F965121F9904E0078AF34 /* ViewController.h */,
				4A1F965221F9904E0078AF34 /* ViewController.m */,
				4A1F965421F9904E0078AF34 /* Main.storyboard */,
				4A1F965721F9904F0078AF34 /* Assets.xcassets */,
				4A1F965921F9904F0078AF34 /* LaunchScreen.storyboard */,
				4A1F965C21F990500078AF34 /* Info.plist */,
				4A1F965D21F990500078AF34 /* main.m */,
			);
			path = ImgTransiton;
			sourceTree = "<group>";
		};
		4A1F966621F990500078AF34 /* ImgTransitonTests */ = {
			isa = PBXGroup;
			children = (
				4A1F966721F990500078AF34 /* ImgTransitonTests.m */,
				4A1F966921F990500078AF34 /* Info.plist */,
			);
			path = ImgTransitonTests;
			sourceTree = "<group>";
		};
		4A1F967121F990500078AF34 /* ImgTransitonUITests */ = {
			isa = PBXGroup;
			children = (
				4A1F967221F990500078AF34 /* ImgTransitonUITests.m */,
				4A1F967421F990500078AF34 /* Info.plist */,
			);
			path = ImgTransitonUITests;
			sourceTree = "<group>";
		};
/* End PBXGroup section */

/* Begin PBXNativeTarget section */
		4A1F964A21F9904E0078AF34 /* ImgTransiton */ = {
			isa = PBXNativeTarget;
			buildConfigurationList = 4A1F967721F990500078AF34 /* Build configuration list for PBXNativeTarget "ImgTransiton" */;
			buildPhases = (
				4A1F964721F9904E0078AF34 /* Sources */,
				4A1F964821F9904E0078AF34 /* Frameworks */,
				4A1F964921F9904E0078AF34 /* Resources */,
			);
			buildRules = (
			);
			dependencies = (
			);
			name = ImgTransiton;
			productName = ImgTransiton;
			productReference = 4A1F964B21F9904E0078AF34 /* ImgTransiton.app */;
			productType = "com.apple.product-type.application";
		};
		4A1F966221F990500078AF34 /* ImgTransitonTests */ = {
			isa = PBXNativeTarget;
			buildConfigurationList = 4A1F967A21F990500078AF34 /* Build configuration list for PBXNativeTarget "ImgTransitonTests" */;
			buildPhases = (
				4A1F965F21F990500078AF34 /* Sources */,
				4A1F966021F990500078AF34 /* Frameworks */,
				4A1F966121F990500078AF34 /* Resources */,
			);
			buildRules = (
			);
			dependencies = (
				4A1F966521F990500078AF34 /* PBXTargetDependency */,
			);
			name = ImgTransitonTests;
			productName = ImgTransitonTests;
			productReference = 4A1F966321F990500078AF34 /* ImgTransitonTests.xctest */;
			productType = "com.apple.product-type.bundle.unit-test";
		};
		4A1F966D21F990500078AF34 /* ImgTransitonUITests */ = {
			isa = PBXNativeTarget;
			buildConfigurationList = 4A1F967D21F990500078AF34 /* Build configuration list for PBXNativeTarget "ImgTransitonUITests" */;
			buildPhases = (
				4A1F966A21F990500078AF34 /* Sources */,
				4A1F966B21F990500078AF34 /* Frameworks */,
				4A1F966C21F990500078AF34 /* Resources */,
			);
			buildRules = (
			);
			dependencies = (
				4A1F967021F990500078AF34 /* PBXTargetDependency */,
			);
			name = ImgTransitonUITests;
			productName = ImgTransitonUITests;
			productReference = 4A1F966E21F990500078AF34 /* ImgTransitonUITests.xctest */;
			productType = "com.apple.product-type.bundle.ui-testing";
		};
/* End PBXNativeTarget section */

/* Begin PBXProject section */
		4A1F964321F9904E0078AF34 /* Project object */ = {
			isa = PBXProject;
			attributes = {
				LastUpgradeCheck = 1010;
				ORGANIZATIONNAME = huihuadeng;
				TargetAttributes = {
					4A1F964A21F9904E0078AF34 = {
						CreatedOnToolsVersion = 10.1;
					};
					4A1F966221F990500078AF34 = {
						CreatedOnToolsVersion = 10.1;
						TestTargetID = 4A1F964A21F9904E0078AF34;
					};
					4A1F966D21F990500078AF34 = {
						CreatedOnToolsVersion = 10.1;
						TestTargetID = 4A1F964A21F9904E0078AF34;
					};
				};
			};
			buildConfigurationList = 4A1F964621F9904E0078AF34 /* Build configuration list for PBXProject "ImgTransiton" */;
			compatibilityVersion = "Xcode 9.3";
			developmentRegion = en;
			hasScannedForEncodings = 0;
			knownRegions = (
				en,
				Base,
			);
			mainGroup = 4A1F964221F9904E0078AF34;
			productRefGroup = 4A1F964C21F9904E0078AF34 /* Products */;
			projectDirPath = "";
			projectRoot = "";
			targets = (
				4A1F964A21F9904E0078AF34 /* ImgTransiton */,
				4A1F966221F990500078AF34 /* ImgTransitonTests */,
				4A1F966D21F990500078AF34 /* ImgTransitonUITests */,
			);
		};
/* End PBXProject section */

/* Begin PBXResourcesBuildPhase section */
		4A1F964921F9904E0078AF34 /* Resources */ = {
			isa = PBXResourcesBuildPhase;
			buildActionMask = 2147483647;
			files = (
				4A1F965B21F9904F0078AF34 /* LaunchScreen.storyboard in Resources */,
				4A1F968121F9930F0078AF34 /* IMG_0091.JPG in Resources */,
				4A1F965821F9904F0078AF34 /* Assets.xcassets in Resources */,
				4A1F965621F9904E0078AF34 /* Main.storyboard in Resources */,
			);
			runOnlyForDeploymentPostprocessing = 0;
		};
		4A1F966121F990500078AF34 /* Resources */ = {
			isa = PBXResourcesBuildPhase;
			buildActionMask = 2147483647;
			files = (
			);
			runOnlyForDeploymentPostprocessing = 0;
		};
		4A1F966C21F990500078AF34 /* Resources */ = {
			isa = PBXResourcesBuildPhase;
			buildActionMask = 2147483647;
			files = (
			);
			runOnlyForDeploymentPostprocessing = 0;
		};
/* End PBXResourcesBuildPhase section */

/* Begin PBXSourcesBuildPhase section */
		4A1F964721F9904E0078AF34 /* Sources */ = {
			isa = PBXSourcesBuildPhase;
			buildActionMask = 2147483647;
			files = (
				4A1F965321F9904E0078AF34 /* ViewController.m in Sources */,
				4A1F965E21F990500078AF34 /* main.m in Sources */,
				4A1F968421F993A40078AF34 /* UIImage+SizeHelper.m in Sources */,
				4A1F965021F9904E0078AF34 /* AppDelegate.m in Sources */,
			);
			runOnlyForDeploymentPostprocessing = 0;
		};
		4A1F965F21F990500078AF34 /* Sources */ = {
			isa = PBXSourcesBuildPhase;
			buildActionMask = 2147483647;
			files = (
				4A1F966821F990500078AF34 /* ImgTransitonTests.m in Sources */,
			);
			runOnlyForDeploymentPostprocessing = 0;
		};
		4A1F966A21F990500078AF34 /* Sources */ = {
			isa = PBXSourcesBuildPhase;
			buildActionMask = 2147483647;
			files = (
				4A1F967321F990500078AF34 /* ImgTransitonUITests.m in Sources */,
			);
			runOnlyForDeploymentPostprocessing = 0;
		};
/* End PBXSourcesBuildPhase section */

/* Begin PBXTargetDependency section */
		4A1F966521F990500078AF34 /* PBXTargetDependency */ = {
			isa = PBXTargetDependency;
			target = 4A1F964A21F9904E0078AF34 /* ImgTransiton */;
			targetProxy = 4A1F966421F990500078AF34 /* PBXContainerItemProxy */;
		};
		4A1F967021F990500078AF34 /* PBXTargetDependency */ = {
			isa = PBXTargetDependency;
			target = 4A1F964A21F9904E0078AF34 /* ImgTransiton */;
			targetProxy = 4A1F966F21F990500078AF34 /* PBXContainerItemProxy */;
		};
/* End PBXTargetDependency section */

/* Begin PBXVariantGroup section */
		4A1F965421F9904E0078AF34 /* Main.storyboard */ = {
			isa = PBXVariantGroup;
			children = (
				4A1F965521F9904E0078AF34 /* Base */,
			);
			name = Main.storyboard;
			sourceTree = "<group>";
		};
		4A1F965921F9904F0078AF34 /* LaunchScreen.storyboard */ = {
			isa = PBXVariantGroup;
			children = (
				4A1F965A21F9904F0078AF34 /* Base */,
			);
			name = LaunchScreen.storyboard;
			sourceTree = "<group>";
		};
/* End PBXVariantGroup section */

/* Begin XCBuildConfiguration section */
		4A1F967521F990500078AF34 /* Debug */ = {
			isa = XCBuildConfiguration;
			buildSettings = {
				ALWAYS_SEARCH_USER_PATHS = NO;
				CLANG_ANALYZER_NONNULL = YES;
				CLANG_ANALYZER_NUMBER_OBJECT_CONVERSION = YES_AGGRESSIVE;
				CLANG_CXX_LANGUAGE_STANDARD = "gnu++14";
				CLANG_CXX_LIBRARY = "libc++";
				CLANG_ENABLE_MODULES = YES;
				CLANG_ENABLE_OBJC_ARC = YES;
				CLANG_ENABLE_OBJC_WEAK = YES;
				CLANG_WARN_BLOCK_CAPTURE_AUTORELEASING = YES;
				CLANG_WARN_BOOL_CONVERSION = YES;
				CLANG_WARN_COMMA = YES;
				CLANG_WARN_CONSTANT_CONVERSION = YES;
				CLANG_WARN_DEPRECATED_OBJC_IMPLEMENTATIONS = YES;
				CLANG_WARN_DIRECT_OBJC_ISA_USAGE = YES_ERROR;
				CLANG_WARN_DOCUMENTATION_COMMENTS = YES;
				CLANG_WARN_EMPTY_BODY = YES;
				CLANG_WARN_ENUM_CONVERSION = YES;
				CLANG_WARN_INFINITE_RECURSION = YES;
				CLANG_WARN_INT_CONVERSION = YES;
				CLANG_WARN_NON_LITERAL_NULL_CONVERSION = YES;
				CLANG_WARN_OBJC_IMPLICIT_RETAIN_SELF = YES;
				CLANG_WARN_OBJC_LITERAL_CONVERSION = YES;
				CLANG_WARN_OBJC_ROOT_CLASS = YES_ERROR;
				CLANG_WARN_RANGE_LOOP_ANALYSIS = YES;
				CLANG_WARN_STRICT_PROTOTYPES = YES;
				CLANG_WARN_SUSPICIOUS_MOVE = YES;
				CLANG_WARN_UNGUARDED_AVAILABILITY = YES_AGGRESSIVE;
				CLANG_WARN_UNREACHABLE_CODE = YES;
				CLANG_WARN__DUPLICATE_METHOD_MATCH = YES;
				CODE_SIGN_IDENTITY = "iPhone Developer";
				COPY_PHASE_STRIP = NO;
				DEBUG_INFORMATION_FORMAT = dwarf;
				ENABLE_STRICT_OBJC_MSGSEND = YES;
				ENABLE_TESTABILITY = YES;
				GCC_C_LANGUAGE_STANDARD = gnu11;
				GCC_DYNAMIC_NO_PIC = NO;
				GCC_NO_COMMON_BLOCKS = YES;
				GCC_OPTIMIZATION_LEVEL = 0;
				GCC_PREPROCESSOR_DEFINITIONS = (
					"DEBUG=1",
					"$(inherited)",
				);
				GCC_WARN_64_TO_32_BIT_CONVERSION = YES;
				GCC_WARN_ABOUT_RETURN_TYPE = YES_ERROR;
				GCC_WARN_UNDECLARED_SELECTOR = YES;
				GCC_WARN_UNINITIALIZED_AUTOS = YES_AGGRESSIVE;
				GCC_WARN_UNUSED_FUNCTION = YES;
				GCC_WARN_UNUSED_VARIABLE = YES;
				IPHONEOS_DEPLOYMENT_TARGET = 12.1;
				MTL_ENABLE_DEBUG_INFO = INCLUDE_SOURCE;
				MTL_FAST_MATH = YES;
				ONLY_ACTIVE_ARCH = YES;
				SDKROOT = iphoneos;
			};
			name = Debug;
		};
		4A1F967621F990500078AF34 /* Release */ = {
			isa = XCBuildConfiguration;
			buildSettings = {
				ALWAYS_SEARCH_USER_PATHS = NO;
				CLANG_ANALYZER_NONNULL = YES;
				CLANG_ANALYZER_NUMBER_OBJECT_CONVERSION = YES_AGGRESSIVE;
				CLANG_CXX_LANGUAGE_STANDARD = "gnu++14";
				CLANG_CXX_LIBRARY = "libc++";
				CLANG_ENABLE_MODULES = YES;
				CLANG_ENABLE_OBJC_ARC = YES;
				CLANG_ENABLE_OBJC_WEAK = YES;
				CLANG_WARN_BLOCK_CAPTURE_AUTORELEASING = YES;
				CLANG_WARN_BOOL_CONVERSION = YES;
				CLANG_WARN_COMMA = YES;
				CLANG_WARN_CONSTANT_CONVERSION = YES;
				CLANG_WARN_DEPRECATED_OBJC_IMPLEMENTATIONS = YES;
				CLANG_WARN_DIRECT_OBJC_ISA_USAGE = YES_ERROR;
				CLANG_WARN_DOCUMENTATION_COMMENTS = YES;
				CLANG_WARN_EMPTY_BODY = YES;
				CLANG_WARN_ENUM_CONVERSION = YES;
				CLANG_WARN_INFINITE_RECURSION = YES;
				CLANG_WARN_INT_CONVERSION = YES;
				CLANG_WARN_NON_LITERAL_NULL_CONVERSION = YES;
				CLANG_WARN_OBJC_IMPLICIT_RETAIN_SELF = YES;
				CLANG_WARN_OBJC_LITERAL_CONVERSION = YES;
				CLANG_WARN_OBJC_ROOT_CLASS = YES_ERROR;
				CLANG_WARN_RANGE_LOOP_ANALYSIS = YES;
				CLANG_WARN_STRICT_PROTOTYPES = YES;
				CLANG_WARN_SUSPICIOUS_MOVE = YES;
				CLANG_WARN_UNGUARDED_AVAILABILITY = YES_AGGRESSIVE;
				CLANG_WARN_UNREACHABLE_CODE = YES;
				CLANG_WARN__DUPLICATE_METHOD_MATCH = YES;
				CODE_SIGN_IDENTITY = "iPhone Developer";
				COPY_PHASE_STRIP = NO;
				DEBUG_INFORMATION_FORMAT = "dwarf-with-dsym";
				ENABLE_NS_ASSERTIONS = NO;
				ENABLE_STRICT_OBJC_MSGSEND = YES;
				GCC_C_LANGUAGE_STANDARD = gnu11;
				GCC_NO_COMMON_BLOCKS = YES;
				GCC_WARN_64_TO_32_BIT_CONVERSION = YES;
				GCC_WARN_ABOUT_RETURN_TYPE = YES_ERROR;
				GCC_WARN_UNDECLARED_SELECTOR = YES;
				GCC_WARN_UNINITIALIZED_AUTOS = YES_AGGRESSIVE;
				GCC_WARN_UNUSED_FUNCTION = YES;
				GCC_WARN_UNUSED_VARIABLE = YES;
				IPHONEOS_DEPLOYMENT_TARGET = 12.1;
				MTL_ENABLE_DEBUG_INFO = NO;
				MTL_FAST_MATH = YES;
				SDKROOT = iphoneos;
				VALIDATE_PRODUCT = YES;
			};
			name = Release;
		};
		4A1F967821F990500078AF34 /* Debug */ = {
			isa = XCBuildConfiguration;
			buildSettings = {
				ASSETCATALOG_COMPILER_APPICON_NAME = AppIcon;
				CODE_SIGN_STYLE = Automatic;
				DEVELOPMENT_TEAM = 57X487B2A9;
				INFOPLIST_FILE = ImgTransiton/Info.plist;
				LD_RUNPATH_SEARCH_PATHS = (
					"$(inherited)",
					"@executable_path/Frameworks",
				);
				PRODUCT_BUNDLE_IDENTIFIER = com.sohu.hy.ImgTransiton;
				PRODUCT_NAME = "$(TARGET_NAME)";
				TARGETED_DEVICE_FAMILY = "1,2";
			};
			name = Debug;
		};
		4A1F967921F990500078AF34 /* Release */ = {
			isa = XCBuildConfiguration;
			buildSettings = {
				ASSETCATALOG_COMPILER_APPICON_NAME = AppIcon;
				CODE_SIGN_STYLE = Automatic;
				DEVELOPMENT_TEAM = 57X487B2A9;
				INFOPLIST_FILE = ImgTransiton/Info.plist;
				LD_RUNPATH_SEARCH_PATHS = (
					"$(inherited)",
					"@executable_path/Frameworks",
				);
				PRODUCT_BUNDLE_IDENTIFIER = com.sohu.hy.ImgTransiton;
				PRODUCT_NAME = "$(TARGET_NAME)";
				TARGETED_DEVICE_FAMILY = "1,2";
			};
			name = Release;
		};
		4A1F967B21F990500078AF34 /* Debug */ = {
			isa = XCBuildConfiguration;
			buildSettings = {
				BUNDLE_LOADER = "$(TEST_HOST)";
				CODE_SIGN_STYLE = Automatic;
				DEVELOPMENT_TEAM = 57X487B2A9;
				INFOPLIST_FILE = ImgTransitonTests/Info.plist;
				LD_RUNPATH_SEARCH_PATHS = (
					"$(inherited)",
					"@executable_path/Frameworks",
					"@loader_path/Frameworks",
				);
				PRODUCT_BUNDLE_IDENTIFIER = com.sohu.hy.ImgTransitonTests;
				PRODUCT_NAME = "$(TARGET_NAME)";
				TARGETED_DEVICE_FAMILY = "1,2";
				TEST_HOST = "$(BUILT_PRODUCTS_DIR)/ImgTransiton.app/ImgTransiton";
			};
			name = Debug;
		};
		4A1F967C21F990500078AF34 /* Release */ = {
			isa = XCBuildConfiguration;
			buildSettings = {
				BUNDLE_LOADER = "$(TEST_HOST)";
				CODE_SIGN_STYLE = Automatic;
				DEVELOPMENT_TEAM = 57X487B2A9;
				INFOPLIST_FILE = ImgTransitonTests/Info.plist;
				LD_RUNPATH_SEARCH_PATHS = (
					"$(inherited)",
					"@executable_path/Frameworks",
					"@loader_path/Frameworks",
				);
				PRODUCT_BUNDLE_IDENTIFIER = com.sohu.hy.ImgTransitonTests;
				PRODUCT_NAME = "$(TARGET_NAME)";
				TARGETED_DEVICE_FAMILY = "1,2";
				TEST_HOST = "$(BUILT_PRODUCTS_DIR)/ImgTransiton.app/ImgTransiton";
			};
			name = Release;
		};
		4A1F967E21F990500078AF34 /* Debug */ = {
			isa = XCBuildConfiguration;
			buildSettings = {
				CODE_SIGN_STYLE = Automatic;
				DEVELOPMENT_TEAM = 57X487B2A9;
				INFOPLIST_FILE = ImgTransitonUITests/Info.plist;
				LD_RUNPATH_SEARCH_PATHS = (
					"$(inherited)",
					"@executable_path/Frameworks",
					"@loader_path/Frameworks",
				);
				PRODUCT_BUNDLE_IDENTIFIER = com.sohu.hy.ImgTransitonUITests;
				PRODUCT_NAME = "$(TARGET_NAME)";
				TARGETED_DEVICE_FAMILY = "1,2";
				TEST_TARGET_NAME = ImgTransiton;
			};
			name = Debug;
		};
		4A1F967F21F990500078AF34 /* Release */ = {
			isa = XCBuildConfiguration;
			buildSettings = {
				CODE_SIGN_STYLE = Automatic;
				DEVELOPMENT_TEAM = 57X487B2A9;
				INFOPLIST_FILE = ImgTransitonUITests/Info.plist;
				LD_RUNPATH_SEARCH_PATHS = (
					"$(inherited)",
					"@executable_path/Frameworks",
					"@loader_path/Frameworks",
				);
				PRODUCT_BUNDLE_IDENTIFIER = com.sohu.hy.ImgTransitonUITests;
				PRODUCT_NAME = "$(TARGET_NAME)";
				TARGETED_DEVICE_FAMILY = "1,2";
				TEST_TARGET_NAME = ImgTransiton;
			};
			name = Release;
		};
/* End XCBuildConfiguration section */

/* Begin XCConfigurationList section */
		4A1F964621F9904E0078AF34 /* Build configuration list for PBXProject "ImgTransiton" */ = {
			isa = XCConfigurationList;
			buildConfigurations = (
				4A1F967521F990500078AF34 /* Debug */,
				4A1F967621F990500078AF34 /* Release */,
			);
			defaultConfigurationIsVisible = 0;
			defaultConfigurationName = Release;
		};
		4A1F967721F990500078AF34 /* Build configuration list for PBXNativeTarget "ImgTransiton" */ = {
			isa = XCConfigurationList;
			buildConfigurations = (
				4A1F967821F990500078AF34 /* Debug */,
				4A1F967921F990500078AF34 /* Release */,
			);
			defaultConfigurationIsVisible = 0;
			defaultConfigurationName = Release;
		};
		4A1F967A21F990500078AF34 /* Build configuration list for PBXNativeTarget "ImgTransitonTests" */ = {
			isa = XCConfigurationList;
			buildConfigurations = (
				4A1F967B21F990500078AF34 /* Debug */,
				4A1F967C21F990500078AF34 /* Release */,
			);
			defaultConfigurationIsVisible = 0;
			defaultConfigurationName = Release;
		};
		4A1F967D21F990500078AF34 /* Build configuration list for PBXNativeTarget "ImgTransitonUITests" */ = {
			isa = XCConfigurationList;
			buildConfigurations = (
				4A1F967E21F990500078AF34 /* Debug */,
				4A1F967F21F990500078AF34 /* Release */,
			);
			defaultConfigurationIsVisible = 0;
			defaultConfigurationName = Release;
		};
/* End XCConfigurationList section */
	};
	rootObject = 4A1F964321F9904E0078AF34 /* Project object */;
}
